
Microsoft Visual Studio Solution File, Format Version 12.00
# Visual Studio Version 17
VisualStudioVersion = 17.8.34330.188
MinimumVisualStudioVersion = 10.0.40219.1
Project("{8BC9CEB8-8B4A-11D0-8D11-00A0C91BC942}") = "HW7", "HW7.vcxproj", "{75429C71-8052-4E50-A189-A1EF51C3907D}"
EndProject
Global
	GlobalSection(SolutionConfigurationPlatforms) = preSolution
		Debug|x64 = Debug|x64
		Debug|x86 = Debug|x86
		Release|x64 = Release|x64
		Release|x86 = Release|x86
	EndGlobalSection
	GlobalSection(ProjectConfigurationPlatforms) = postSolution
		{75429C71-8052-4E50-A189-A1EF51C3907D}.Debug|x64.ActiveCfg = Debug|x64
		{75429C71-8052-4E50-A189-A1EF51C3907D}.Debug|x64.Build.0 = Debug|x64
		{75429C71-8052-4E50-A189-A1EF51C3907D}.Debug|x86.ActiveCfg = Debug|Win32
		{75429C71-8052-4E50-A189-A1EF51C3907D}.Debug|x86.Build.0 = Debug|Win32
		{75429C71-8052-4E50-A189-A1EF51C3907D}.Release|x64.ActiveCfg = Release|x64
		{75429C71-8052-4E50-A189-A1EF51C3907D}.Release|x64.Build.0 = Release|x64
		{75429C71-8052-4E50-A189-A1EF51C3907D}.Release|x86.ActiveCfg = Release|Win32
		{75429C71-8052-4E50-A189-A1EF51C3907D}.Release|x86.Build.0 = Release|Win32
	EndGlobalSection
	GlobalSection(SolutionProperties) = preSolution
		HideSolutionNode = FALSE
	EndGlobalSection
	GlobalSection(ExtensibilityGlobals) = postSolution
		SolutionGuid = {053D1BCF-03B2-4DB9-AE69-5485CE86DC23}
	EndGlobalSection
EndGlobal
